
Microsoft Visual Studio Solution File, Format Version 12.00
# Visual Studio Version 17
VisualStudioVersion = 17.8.34330.188
MinimumVisualStudioVersion = 10.0.40219.1
Project("{9A19103F-16F7-4668-BE54-9A1E7A4F7556}") = "ColumbaLivia", "ColumbaLivia\ColumbaLivia.csproj", "{AD8D1549-4C96-441D-85C0-13244761BD42}"
EndProject
Project("{9A19103F-16F7-4668-BE54-9A1E7A4F7556}") = "ColumbaLivia.Core", "ColumbaLivia.Core\ColumbaLivia.Core.csproj", "{131B5F35-7BB1-4AA0-AF97-39B295DB6EC5}"
EndProject
Project("{9A19103F-16F7-4668-BE54-9A1E7A4F7556}") = "ColumbaLivia.Tests.MSTest", "ColumbaLivia.Tests.MSTest\ColumbaLivia.Tests.MSTest.csproj", "{609CAD09-A984-4BEF-9CF2-74C46F54022F}"
EndProject
Project("{2150E333-8FDC-42A3-9474-1A3956D46DE8}") = "Managed", "Managed", "{62DA74A8-1D74-4CCD-B6BA-C99EDBAEFFE4}"
EndProject
Project("{2150E333-8FDC-42A3-9474-1A3956D46DE8}") = "WindowsNative", "WindowsNative", "{87C8715F-7038-4C1C-BE51-10EC35B690CF}"
EndProject
Project("{8BC9CEB8-8B4A-11D0-8D11-00A0C91BC942}") = "ColumbaLivia.UniversalNative", "ColumbaLivia.UniversalNative\ColumbaLivia.UniversalNative.vcxproj", "{7ECE3800-D12D-4307-BA41-BE74D6B7390D}"
EndProject
Global
	GlobalSection(SolutionConfigurationPlatforms) = preSolution
		Debug|Any CPU = Debug|Any CPU
		Debug|ARM = Debug|ARM
		Debug|arm64 = Debug|arm64
		Debug|x64 = Debug|x64
		Debug|x86 = Debug|x86
		Release|Any CPU = Release|Any CPU
		Release|ARM = Release|ARM
		Release|arm64 = Release|arm64
		Release|x64 = Release|x64
		Release|x86 = Release|x86
	EndGlobalSection
	GlobalSection(ProjectConfigurationPlatforms) = postSolution
		{AD8D1549-4C96-441D-85C0-13244761BD42}.Debug|Any CPU.ActiveCfg = Debug|x64
		{AD8D1549-4C96-441D-85C0-13244761BD42}.Debug|Any CPU.Build.0 = Debug|x64
		{AD8D1549-4C96-441D-85C0-13244761BD42}.Debug|Any CPU.Deploy.0 = Debug|x64
		{AD8D1549-4C96-441D-85C0-13244761BD42}.Debug|ARM.ActiveCfg = Debug|x64
		{AD8D1549-4C96-441D-85C0-13244761BD42}.Debug|ARM.Build.0 = Debug|x64
		{AD8D1549-4C96-441D-85C0-13244761BD42}.Debug|ARM.Deploy.0 = Debug|x64
		{AD8D1549-4C96-441D-85C0-13244761BD42}.Debug|arm64.ActiveCfg = Debug|arm64
		{AD8D1549-4C96-441D-85C0-13244761BD42}.Debug|arm64.Build.0 = Debug|arm64
		{AD8D1549-4C96-441D-85C0-13244761BD42}.Debug|arm64.Deploy.0 = Debug|arm64
		{AD8D1549-4C96-441D-85C0-13244761BD42}.Debug|x64.ActiveCfg = Debug|x64
		{AD8D1549-4C96-441D-85C0-13244761BD42}.Debug|x64.Build.0 = Debug|x64
		{AD8D1549-4C96-441D-85C0-13244761BD42}.Debug|x64.Deploy.0 = Debug|x64
		{AD8D1549-4C96-441D-85C0-13244761BD42}.Debug|x86.ActiveCfg = Debug|x86
		{AD8D1549-4C96-441D-85C0-13244761BD42}.Debug|x86.Build.0 = Debug|x86
		{AD8D1549-4C96-441D-85C0-13244761BD42}.Debug|x86.Deploy.0 = Debug|x86
		{AD8D1549-4C96-441D-85C0-13244761BD42}.Release|Any CPU.ActiveCfg = Release|x64
		{AD8D1549-4C96-441D-85C0-13244761BD42}.Release|Any CPU.Build.0 = Release|x64
		{AD8D1549-4C96-441D-85C0-13244761BD42}.Release|Any CPU.Deploy.0 = Release|x64
		{AD8D1549-4C96-441D-85C0-13244761BD42}.Release|ARM.ActiveCfg = Release|x64
		{AD8D1549-4C96-441D-85C0-13244761BD42}.Release|ARM.Build.0 = Release|x64
		{AD8D1549-4C96-441D-85C0-13244761BD42}.Release|ARM.Deploy.0 = Release|x64
		{AD8D1549-4C96-441D-85C0-13244761BD42}.Release|arm64.ActiveCfg = Release|arm64
		{AD8D1549-4C96-441D-85C0-13244761BD42}.Release|arm64.Build.0 = Release|arm64
		{AD8D1549-4C96-441D-85C0-13244761BD42}.Release|arm64.Deploy.0 = Release|arm64
		{AD8D1549-4C96-441D-85C0-13244761BD42}.Release|x64.ActiveCfg = Release|x64
		{AD8D1549-4C96-441D-85C0-13244761BD42}.Release|x64.Build.0 = Release|x64
		{AD8D1549-4C96-441D-85C0-13244761BD42}.Release|x64.Deploy.0 = Release|x64
		{AD8D1549-4C96-441D-85C0-13244761BD42}.Release|x86.ActiveCfg = Release|x86
		{AD8D1549-4C96-441D-85C0-13244761BD42}.Release|x86.Build.0 = Release|x86
		{AD8D1549-4C96-441D-85C0-13244761BD42}.Release|x86.Deploy.0 = Release|x86
		{131B5F35-7BB1-4AA0-AF97-39B295DB6EC5}.Debug|Any CPU.ActiveCfg = Debug|Any CPU
		{131B5F35-7BB1-4AA0-AF97-39B295DB6EC5}.Debug|Any CPU.Build.0 = Debug|Any CPU
		{131B5F35-7BB1-4AA0-AF97-39B295DB6EC5}.Debug|ARM.ActiveCfg = Debug|Any CPU
		{131B5F35-7BB1-4AA0-AF97-39B295DB6EC5}.Debug|ARM.Build.0 = Debug|Any CPU
		{131B5F35-7BB1-4AA0-AF97-39B295DB6EC5}.Debug|arm64.ActiveCfg = Debug|arm64
		{131B5F35-7BB1-4AA0-AF97-39B295DB6EC5}.Debug|arm64.Build.0 = Debug|arm64
		{131B5F35-7BB1-4AA0-AF97-39B295DB6EC5}.Debug|x64.ActiveCfg = Debug|x64
		{131B5F35-7BB1-4AA0-AF97-39B295DB6EC5}.Debug|x64.Build.0 = Debug|x64
		{131B5F35-7BB1-4AA0-AF97-39B295DB6EC5}.Debug|x86.ActiveCfg = Debug|x86
		{131B5F35-7BB1-4AA0-AF97-39B295DB6EC5}.Debug|x86.Build.0 = Debug|x86
		{131B5F35-7BB1-4AA0-AF97-39B295DB6EC5}.Release|Any CPU.ActiveCfg = Release|Any CPU
		{131B5F35-7BB1-4AA0-AF97-39B295DB6EC5}.Release|Any CPU.Build.0 = Release|Any CPU
		{131B5F35-7BB1-4AA0-AF97-39B295DB6EC5}.Release|ARM.ActiveCfg = Release|Any CPU
		{131B5F35-7BB1-4AA0-AF97-39B295DB6EC5}.Release|ARM.Build.0 = Release|Any CPU
		{131B5F35-7BB1-4AA0-AF97-39B295DB6EC5}.Release|arm64.ActiveCfg = Release|arm64
		{131B5F35-7BB1-4AA0-AF97-39B295DB6EC5}.Release|arm64.Build.0 = Release|arm64
		{131B5F35-7BB1-4AA0-AF97-39B295DB6EC5}.Release|x64.ActiveCfg = Release|x64
		{131B5F35-7BB1-4AA0-AF97-39B295DB6EC5}.Release|x64.Build.0 = Release|x64
		{131B5F35-7BB1-4AA0-AF97-39B295DB6EC5}.Release|x86.ActiveCfg = Release|x86
		{131B5F35-7BB1-4AA0-AF97-39B295DB6EC5}.Release|x86.Build.0 = Release|x86
		{609CAD09-A984-4BEF-9CF2-74C46F54022F}.Debug|Any CPU.ActiveCfg = Debug|x64
		{609CAD09-A984-4BEF-9CF2-74C46F54022F}.Debug|Any CPU.Build.0 = Debug|x64
		{609CAD09-A984-4BEF-9CF2-74C46F54022F}.Debug|ARM.ActiveCfg = Debug|x64
		{609CAD09-A984-4BEF-9CF2-74C46F54022F}.Debug|ARM.Build.0 = Debug|x64
		{609CAD09-A984-4BEF-9CF2-74C46F54022F}.Debug|arm64.ActiveCfg = Debug|arm64
		{609CAD09-A984-4BEF-9CF2-74C46F54022F}.Debug|arm64.Build.0 = Debug|arm64
		{609CAD09-A984-4BEF-9CF2-74C46F54022F}.Debug|x64.ActiveCfg = Debug|x64
		{609CAD09-A984-4BEF-9CF2-74C46F54022F}.Debug|x64.Build.0 = Debug|x64
		{609CAD09-A984-4BEF-9CF2-74C46F54022F}.Debug|x86.ActiveCfg = Debug|x86
		{609CAD09-A984-4BEF-9CF2-74C46F54022F}.Debug|x86.Build.0 = Debug|x86
		{609CAD09-A984-4BEF-9CF2-74C46F54022F}.Release|Any CPU.ActiveCfg = Release|x64
		{609CAD09-A984-4BEF-9CF2-74C46F54022F}.Release|Any CPU.Build.0 = Release|x64
		{609CAD09-A984-4BEF-9CF2-74C46F54022F}.Release|ARM.ActiveCfg = Release|x64
		{609CAD09-A984-4BEF-9CF2-74C46F54022F}.Release|ARM.Build.0 = Release|x64
		{609CAD09-A984-4BEF-9CF2-74C46F54022F}.Release|arm64.ActiveCfg = Release|arm64
		{609CAD09-A984-4BEF-9CF2-74C46F54022F}.Release|arm64.Build.0 = Release|arm64
		{609CAD09-A984-4BEF-9CF2-74C46F54022F}.Release|x64.ActiveCfg = Release|x64
		{609CAD09-A984-4BEF-9CF2-74C46F54022F}.Release|x64.Build.0 = Release|x64
		{609CAD09-A984-4BEF-9CF2-74C46F54022F}.Release|x86.ActiveCfg = Release|x86
		{609CAD09-A984-4BEF-9CF2-74C46F54022F}.Release|x86.Build.0 = Release|x86
		{7ECE3800-D12D-4307-BA41-BE74D6B7390D}.Debug|Any CPU.ActiveCfg = Debug|x64
		{7ECE3800-D12D-4307-BA41-BE74D6B7390D}.Debug|Any CPU.Build.0 = Debug|x64
		{7ECE3800-D12D-4307-BA41-BE74D6B7390D}.Debug|Any CPU.Deploy.0 = Debug|x64
		{7ECE3800-D12D-4307-BA41-BE74D6B7390D}.Debug|ARM.ActiveCfg = Debug|ARM
		{7ECE3800-D12D-4307-BA41-BE74D6B7390D}.Debug|ARM.Build.0 = Debug|ARM
		{7ECE3800-D12D-4307-BA41-BE74D6B7390D}.Debug|ARM.Deploy.0 = Debug|ARM
		{7ECE3800-D12D-4307-BA41-BE74D6B7390D}.Debug|arm64.ActiveCfg = Debug|ARM64
		{7ECE3800-D12D-4307-BA41-BE74D6B7390D}.Debug|arm64.Build.0 = Debug|ARM64
		{7ECE3800-D12D-4307-BA41-BE74D6B7390D}.Debug|arm64.Deploy.0 = Debug|ARM64
		{7ECE3800-D12D-4307-BA41-BE74D6B7390D}.Debug|x64.ActiveCfg = Debug|x64
		{7ECE3800-D12D-4307-BA41-BE74D6B7390D}.Debug|x64.Build.0 = Debug|x64
		{7ECE3800-D12D-4307-BA41-BE74D6B7390D}.Debug|x64.Deploy.0 = Debug|x64
		{7ECE3800-D12D-4307-BA41-BE74D6B7390D}.Debug|x86.ActiveCfg = Debug|Win32
		{7ECE3800-D12D-4307-BA41-BE74D6B7390D}.Debug|x86.Build.0 = Debug|Win32
		{7ECE3800-D12D-4307-BA41-BE74D6B7390D}.Debug|x86.Deploy.0 = Debug|Win32
		{7ECE3800-D12D-4307-BA41-BE74D6B7390D}.Release|Any CPU.ActiveCfg = Release|x64
		{7ECE3800-D12D-4307-BA41-BE74D6B7390D}.Release|Any CPU.Build.0 = Release|x64
		{7ECE3800-D12D-4307-BA41-BE74D6B7390D}.Release|Any CPU.Deploy.0 = Release|x64
		{7ECE3800-D12D-4307-BA41-BE74D6B7390D}.Release|ARM.ActiveCfg = Release|ARM
		{7ECE3800-D12D-4307-BA41-BE74D6B7390D}.Release|ARM.Build.0 = Release|ARM
		{7ECE3800-D12D-4307-BA41-BE74D6B7390D}.Release|ARM.Deploy.0 = Release|ARM
		{7ECE3800-D12D-4307-BA41-BE74D6B7390D}.Release|arm64.ActiveCfg = Release|ARM64
		{7ECE3800-D12D-4307-BA41-BE74D6B7390D}.Release|arm64.Build.0 = Release|ARM64
		{7ECE3800-D12D-4307-BA41-BE74D6B7390D}.Release|arm64.Deploy.0 = Release|ARM64
		{7ECE3800-D12D-4307-BA41-BE74D6B7390D}.Release|x64.ActiveCfg = Release|x64
		{7ECE3800-D12D-4307-BA41-BE74D6B7390D}.Release|x64.Build.0 = Release|x64
		{7ECE3800-D12D-4307-BA41-BE74D6B7390D}.Release|x64.Deploy.0 = Release|x64
		{7ECE3800-D12D-4307-BA41-BE74D6B7390D}.Release|x86.ActiveCfg = Release|Win32
		{7ECE3800-D12D-4307-BA41-BE74D6B7390D}.Release|x86.Build.0 = Release|Win32
		{7ECE3800-D12D-4307-BA41-BE74D6B7390D}.Release|x86.Deploy.0 = Release|Win32
	EndGlobalSection
	GlobalSection(SolutionProperties) = preSolution
		HideSolutionNode = FALSE
	EndGlobalSection
	GlobalSection(NestedProjects) = preSolution
		{AD8D1549-4C96-441D-85C0-13244761BD42} = {62DA74A8-1D74-4CCD-B6BA-C99EDBAEFFE4}
		{131B5F35-7BB1-4AA0-AF97-39B295DB6EC5} = {62DA74A8-1D74-4CCD-B6BA-C99EDBAEFFE4}
		{609CAD09-A984-4BEF-9CF2-74C46F54022F} = {62DA74A8-1D74-4CCD-B6BA-C99EDBAEFFE4}
		{7ECE3800-D12D-4307-BA41-BE74D6B7390D} = {87C8715F-7038-4C1C-BE51-10EC35B690CF}
	EndGlobalSection
	GlobalSection(ExtensibilityGlobals) = postSolution
		SolutionGuid = {2E4E104F-041F-42E6-A16C-9D3A0E82F845}
	EndGlobalSection
EndGlobal
